
Microsoft Visual Studio Solution File, Format Version 12.00
# Visual Studio Version 17
VisualStudioVersion = 17.3.32922.545
MinimumVisualStudioVersion = 10.0.40219.1
Project("{9A19103F-16F7-4668-BE54-9A1E7A4F7556}") = "TeacherApp.Web", "TeacherApp.Web\TeacherApp.Web.csproj", "{FCB40D0B-8AF5-45FF-B5D7-2842CC32BCD5}"
EndProject
Project("{9A19103F-16F7-4668-BE54-9A1E7A4F7556}") = "TeacherApp.Business", "TeacherApp.Business\TeacherApp.Business.csproj", "{783E134C-8E40-4479-B139-BEA3CD9E0EC8}"
EndProject
Project("{9A19103F-16F7-4668-BE54-9A1E7A4F7556}") = "TeacherApp.Data", "TeacherApp.Data\TeacherApp.Data.csproj", "{C319A7FF-B7BD-42B9-9D06-578C1DCFFE1F}"
EndProject
Global
	GlobalSection(SolutionConfigurationPlatforms) = preSolution
		Debug|Any CPU = Debug|Any CPU
		Release|Any CPU = Release|Any CPU
	EndGlobalSection
	GlobalSection(ProjectConfigurationPlatforms) = postSolution
		{FCB40D0B-8AF5-45FF-B5D7-2842CC32BCD5}.Debug|Any CPU.ActiveCfg = Debug|Any CPU
		{FCB40D0B-8AF5-45FF-B5D7-2842CC32BCD5}.Debug|Any CPU.Build.0 = Debug|Any CPU
		{FCB40D0B-8AF5-45FF-B5D7-2842CC32BCD5}.Release|Any CPU.ActiveCfg = Release|Any CPU
		{FCB40D0B-8AF5-45FF-B5D7-2842CC32BCD5}.Release|Any CPU.Build.0 = Release|Any CPU
		{783E134C-8E40-4479-B139-BEA3CD9E0EC8}.Debug|Any CPU.ActiveCfg = Debug|Any CPU
		{783E134C-8E40-4479-B139-BEA3CD9E0EC8}.Debug|Any CPU.Build.0 = Debug|Any CPU
		{783E134C-8E40-4479-B139-BEA3CD9E0EC8}.Release|Any CPU.ActiveCfg = Release|Any CPU
		{783E134C-8E40-4479-B139-BEA3CD9E0EC8}.Release|Any CPU.Build.0 = Release|Any CPU
		{C319A7FF-B7BD-42B9-9D06-578C1DCFFE1F}.Debug|Any CPU.ActiveCfg = Debug|Any CPU
		{C319A7FF-B7BD-42B9-9D06-578C1DCFFE1F}.Debug|Any CPU.Build.0 = Debug|Any CPU
		{C319A7FF-B7BD-42B9-9D06-578C1DCFFE1F}.Release|Any CPU.ActiveCfg = Release|Any CPU
		{C319A7FF-B7BD-42B9-9D06-578C1DCFFE1F}.Release|Any CPU.Build.0 = Release|Any CPU
	EndGlobalSection
	GlobalSection(SolutionProperties) = preSolution
		HideSolutionNode = FALSE
	EndGlobalSection
	GlobalSection(ExtensibilityGlobals) = postSolution
		SolutionGuid = {7D7D16A5-C1FA-432E-9048-6C241CA7FCD2}
	EndGlobalSection
EndGlobal
